
Microsoft Visual Studio Solution File, Format Version 12.00
# Visual Studio Version 17
VisualStudioVersion = 17.5.33530.505
MinimumVisualStudioVersion = 10.0.40219.1
Project("{FAE04EC0-301F-11D3-BF4B-00C04F79EFBC}") = "CapstoneTest2", "CapstoneTest2\CapstoneTest2.csproj", "{E7EE1953-D8AA-459A-A421-957C18CA0A02}"
EndProject
Global
	GlobalSection(SolutionConfigurationPlatforms) = preSolution
		Debug|Any CPU = Debug|Any CPU
		Release|Any CPU = Release|Any CPU
	EndGlobalSection
	GlobalSection(ProjectConfigurationPlatforms) = postSolution
		{E7EE1953-D8AA-459A-A421-957C18CA0A02}.Debug|Any CPU.ActiveCfg = Debug|Any CPU
		{E7EE1953-D8AA-459A-A421-957C18CA0A02}.Debug|Any CPU.Build.0 = Debug|Any CPU
		{E7EE1953-D8AA-459A-A421-957C18CA0A02}.Release|Any CPU.ActiveCfg = Release|Any CPU
		{E7EE1953-D8AA-459A-A421-957C18CA0A02}.Release|Any CPU.Build.0 = Release|Any CPU
	EndGlobalSection
	GlobalSection(SolutionProperties) = preSolution
		HideSolutionNode = FALSE
	EndGlobalSection
	GlobalSection(ExtensibilityGlobals) = postSolution
		SolutionGuid = {A77811AD-BE4F-4CFD-9FF8-23DBF6595046}
	EndGlobalSection
EndGlobal
